
Microsoft Visual Studio Solution File, Format Version 12.00
# Visual Studio Version 16
VisualStudioVersion = 16.0.30114.105
MinimumVisualStudioVersion = 10.0.40219.1
Project("{FAE04EC0-301F-11D3-BF4B-00C04F79EFBC}") = "BowlingChallenge", "BowlingChallenge\BowlingChallenge.csproj", "{A277D43E-D367-45E2-9C0C-1A9A2C1160E7}"
EndProject
Project("{2150E333-8FDC-42A3-9474-1A3956D46DE8}") = "Tests", "Tests", "{1D4B719B-E2EA-419D-BBF6-628D4090F810}"
EndProject
Project("{FAE04EC0-301F-11D3-BF4B-00C04F79EFBC}") = "BowlingChallenge.Tests", "Tests\BowlingChallengeTests\BowlingChallenge.Tests.csproj", "{9E65C0C7-7948-401F-A03C-45861096B210}"
EndProject
Global
	GlobalSection(SolutionConfigurationPlatforms) = preSolution
		Debug|Any CPU = Debug|Any CPU
		Release|Any CPU = Release|Any CPU
	EndGlobalSection
	GlobalSection(ProjectConfigurationPlatforms) = postSolution
		{A277D43E-D367-45E2-9C0C-1A9A2C1160E7}.Debug|Any CPU.ActiveCfg = Debug|Any CPU
		{A277D43E-D367-45E2-9C0C-1A9A2C1160E7}.Debug|Any CPU.Build.0 = Debug|Any CPU
		{A277D43E-D367-45E2-9C0C-1A9A2C1160E7}.Release|Any CPU.ActiveCfg = Release|Any CPU
		{A277D43E-D367-45E2-9C0C-1A9A2C1160E7}.Release|Any CPU.Build.0 = Release|Any CPU
		{9E65C0C7-7948-401F-A03C-45861096B210}.Debug|Any CPU.ActiveCfg = Debug|Any CPU
		{9E65C0C7-7948-401F-A03C-45861096B210}.Debug|Any CPU.Build.0 = Debug|Any CPU
		{9E65C0C7-7948-401F-A03C-45861096B210}.Release|Any CPU.ActiveCfg = Release|Any CPU
		{9E65C0C7-7948-401F-A03C-45861096B210}.Release|Any CPU.Build.0 = Release|Any CPU
	EndGlobalSection
	GlobalSection(SolutionProperties) = preSolution
		HideSolutionNode = FALSE
	EndGlobalSection
	GlobalSection(NestedProjects) = preSolution
		{9E65C0C7-7948-401F-A03C-45861096B210} = {1D4B719B-E2EA-419D-BBF6-628D4090F810}
	EndGlobalSection
	GlobalSection(ExtensibilityGlobals) = postSolution
		SolutionGuid = {2478BD32-8204-46B5-BC7B-553D0C4CC710}
	EndGlobalSection
EndGlobal
